// !$*UTF8*$!
{
	archiveVersion = 1;
	classes = {
	};
	objectVersion = 60;
	objects = {

/* Begin PBXBuildFile section */
		3996EFC62B0852B80096FC96 /* consulta.cpp in Sources */ = {isa = PBXBuildFile; fileRef = 3996EFC52B0852B80096FC96 /* consulta.cpp */; };
		C4D0E7B32B083ED70088DA53 /* main.cpp in Sources */ = {isa = PBXBuildFile; fileRef = C4D0E7B22B083ED70088DA53 /* main.cpp */; };
		C4D0E7CA2B083F790088DA53 /* string.cpp in Sources */ = {isa = PBXBuildFile; fileRef = C4D0E7BB2B083F790088DA53 /* string.cpp */; };
		C4D0E7CB2B083F790088DA53 /* paciente.cpp in Sources */ = {isa = PBXBuildFile; fileRef = C4D0E7BE2B083F790088DA53 /* paciente.cpp */; };
		C4D0E7CC2B083F790088DA53 /* arbolpacientes.cpp in Sources */ = {isa = PBXBuildFile; fileRef = C4D0E7BF2B083F790088DA53 /* arbolpacientes.cpp */; };
		C4D0E7CD2B083F790088DA53 /* evaluacion.cpp in Sources */ = {isa = PBXBuildFile; fileRef = C4D0E7C12B083F790088DA53 /* evaluacion.cpp */; };
		C4D0E7CE2B083F790088DA53 /* fecha.cpp in Sources */ = {isa = PBXBuildFile; fileRef = C4D0E7C22B083F790088DA53 /* fecha.cpp */; };
		C4D0E7CF2B083F790088DA53 /* listaconsulta.cpp in Sources */ = {isa = PBXBuildFile; fileRef = C4D0E7C32B083F790088DA53 /* listaconsulta.cpp */; };
		C4D0E7D02B083F790088DA53 /* menu.cpp in Sources */ = {isa = PBXBuildFile; fileRef = C4D0E7C82B083F790088DA53 /* menu.cpp */; };
		C4D0E7D12B083F790088DA53 /* boolean.cpp in Sources */ = {isa = PBXBuildFile; fileRef = C4D0E7C92B083F790088DA53 /* boolean.cpp */; };
/* End PBXBuildFile section */

/* Begin PBXBuildRule section */
		C439A1162B0AA826000F3585 /* PBXBuildRule */ = {
			isa = PBXBuildRule;
			compilerSpec = com.apple.compilers.proxy.script;
			fileType = file.rcproject;
			inputFiles = (
			);
			isEditable = 1;
			outputFiles = (
			);
			script = "# rctool\n";
		};
/* End PBXBuildRule section */

/* Begin PBXCopyFilesBuildPhase section */
		C4D0E7AD2B083ED70088DA53 /* CopyFiles */ = {
			isa = PBXCopyFilesBuildPhase;
			buildActionMask = 2147483647;
			dstPath = /usr/share/man/man1/;
			dstSubfolderSpec = 0;
			files = (
			);
			runOnlyForDeploymentPostprocessing = 1;
		};
/* End PBXCopyFilesBuildPhase section */

/* Begin PBXFileReference section */
		3996EFC52B0852B80096FC96 /* consulta.cpp */ = {isa = PBXFileReference; fileEncoding = 4; lastKnownFileType = sourcecode.cpp.cpp; path = consulta.cpp; sourceTree = "<group>"; };
		C4D0E7AF2B083ED70088DA53 /* obligatorio mac */ = {isa = PBXFileReference; explicitFileType = "compiled.mach-o.executable"; includeInIndex = 0; path = "obligatorio mac"; sourceTree = BUILT_PRODUCTS_DIR; };
		C4D0E7B22B083ED70088DA53 /* main.cpp */ = {isa = PBXFileReference; lastKnownFileType = sourcecode.cpp.cpp; path = main.cpp; sourceTree = "<group>"; };
		C4D0E7B92B083F790088DA53 /* evaluacion.h */ = {isa = PBXFileReference; fileEncoding = 4; lastKnownFileType = sourcecode.c.h; path = evaluacion.h; sourceTree = "<group>"; };
		C4D0E7BA2B083F790088DA53 /* paciente.h */ = {isa = PBXFileReference; fileEncoding = 4; lastKnownFileType = sourcecode.c.h; path = paciente.h; sourceTree = "<group>"; };
		C4D0E7BB2B083F790088DA53 /* string.cpp */ = {isa = PBXFileReference; fileEncoding = 4; lastKnownFileType = sourcecode.cpp.cpp; path = string.cpp; sourceTree = "<group>"; };
		C4D0E7BC2B083F790088DA53 /* string.h */ = {isa = PBXFileReference; fileEncoding = 4; lastKnownFileType = sourcecode.c.h; path = string.h; sourceTree = "<group>"; };
		C4D0E7BD2B083F790088DA53 /* listaconsulta.h */ = {isa = PBXFileReference; fileEncoding = 4; lastKnownFileType = sourcecode.c.h; path = listaconsulta.h; sourceTree = "<group>"; };
		C4D0E7BE2B083F790088DA53 /* paciente.cpp */ = {isa = PBXFileReference; fileEncoding = 4; lastKnownFileType = sourcecode.cpp.cpp; path = paciente.cpp; sourceTree = "<group>"; };
		C4D0E7BF2B083F790088DA53 /* arbolpacientes.cpp */ = {isa = PBXFileReference; fileEncoding = 4; lastKnownFileType = sourcecode.cpp.cpp; path = arbolpacientes.cpp; sourceTree = "<group>"; };
		C4D0E7C02B083F790088DA53 /* consulta.h */ = {isa = PBXFileReference; fileEncoding = 4; lastKnownFileType = sourcecode.c.h; path = consulta.h; sourceTree = "<group>"; };
		C4D0E7C12B083F790088DA53 /* evaluacion.cpp */ = {isa = PBXFileReference; fileEncoding = 4; lastKnownFileType = sourcecode.cpp.cpp; path = evaluacion.cpp; sourceTree = "<group>"; };
		C4D0E7C22B083F790088DA53 /* fecha.cpp */ = {isa = PBXFileReference; fileEncoding = 4; lastKnownFileType = sourcecode.cpp.cpp; path = fecha.cpp; sourceTree = "<group>"; };
		C4D0E7C32B083F790088DA53 /* listaconsulta.cpp */ = {isa = PBXFileReference; fileEncoding = 4; lastKnownFileType = sourcecode.cpp.cpp; path = listaconsulta.cpp; sourceTree = "<group>"; };
		C4D0E7C42B083F790088DA53 /* menu.h */ = {isa = PBXFileReference; fileEncoding = 4; lastKnownFileType = sourcecode.c.h; path = menu.h; sourceTree = "<group>"; };
		C4D0E7C52B083F790088DA53 /* boolean.h */ = {isa = PBXFileReference; fileEncoding = 4; lastKnownFileType = sourcecode.c.h; path = boolean.h; sourceTree = "<group>"; };
		C4D0E7C62B083F790088DA53 /* arbolpacientes.h */ = {isa = PBXFileReference; fileEncoding = 4; lastKnownFileType = sourcecode.c.h; path = arbolpacientes.h; sourceTree = "<group>"; };
		C4D0E7C72B083F790088DA53 /* fecha.h */ = {isa = PBXFileReference; fileEncoding = 4; lastKnownFileType = sourcecode.c.h; path = fecha.h; sourceTree = "<group>"; };
		C4D0E7C82B083F790088DA53 /* menu.cpp */ = {isa = PBXFileReference; fileEncoding = 4; lastKnownFileType = sourcecode.cpp.cpp; path = menu.cpp; sourceTree = "<group>"; };
		C4D0E7C92B083F790088DA53 /* boolean.cpp */ = {isa = PBXFileReference; fileEncoding = 4; lastKnownFileType = sourcecode.cpp.cpp; path = boolean.cpp; sourceTree = "<group>"; };
/* End PBXFileReference section */

/* Begin PBXFrameworksBuildPhase section */
		C4D0E7AC2B083ED70088DA53 /* Frameworks */ = {
			isa = PBXFrameworksBuildPhase;
			buildActionMask = 2147483647;
			files = (
			);
			runOnlyForDeploymentPostprocessing = 0;
		};
/* End PBXFrameworksBuildPhase section */

/* Begin PBXGroup section */
		C4D0E7A62B083ED70088DA53 = {
			isa = PBXGroup;
			children = (
				C4D0E7B12B083ED70088DA53 /* obligatorio mac */,
				C4D0E7B02B083ED70088DA53 /* Products */,
			);
			sourceTree = "<group>";
		};
		C4D0E7B02B083ED70088DA53 /* Products */ = {
			isa = PBXGroup;
			children = (
				C4D0E7AF2B083ED70088DA53 /* obligatorio mac */,
			);
			name = Products;
			sourceTree = "<group>";
		};
		C4D0E7B12B083ED70088DA53 /* obligatorio mac */ = {
			isa = PBXGroup;
			children = (
				C4D0E7BF2B083F790088DA53 /* arbolpacientes.cpp */,
				C4D0E7C62B083F790088DA53 /* arbolpacientes.h */,
				C4D0E7C92B083F790088DA53 /* boolean.cpp */,
				C4D0E7C02B083F790088DA53 /* consulta.h */,
				3996EFC52B0852B80096FC96 /* consulta.cpp */,
				C4D0E7C32B083F790088DA53 /* listaconsulta.cpp */,
				C4D0E7BD2B083F790088DA53 /* listaconsulta.h */,
				C4D0E7C52B083F790088DA53 /* boolean.h */,
				C4D0E7C12B083F790088DA53 /* evaluacion.cpp */,
				C4D0E7B92B083F790088DA53 /* evaluacion.h */,
				C4D0E7C22B083F790088DA53 /* fecha.cpp */,
				C4D0E7C72B083F790088DA53 /* fecha.h */,
				C4D0E7C82B083F790088DA53 /* menu.cpp */,
				C4D0E7C42B083F790088DA53 /* menu.h */,
				C4D0E7BE2B083F790088DA53 /* paciente.cpp */,
				C4D0E7BA2B083F790088DA53 /* paciente.h */,
				C4D0E7BB2B083F790088DA53 /* string.cpp */,
				C4D0E7BC2B083F790088DA53 /* string.h */,
				C4D0E7B22B083ED70088DA53 /* main.cpp */,
			);
			path = "obligatorio mac";
			sourceTree = "<group>";
		};
/* End PBXGroup section */

/* Begin PBXNativeTarget section */
		C4D0E7AE2B083ED70088DA53 /* obligatorio mac */ = {
			isa = PBXNativeTarget;
			buildConfigurationList = C4D0E7B62B083ED70088DA53 /* Build configuration list for PBXNativeTarget "obligatorio mac" */;
			buildPhases = (
				C4D0E7AB2B083ED70088DA53 /* Sources */,
				C4D0E7AC2B083ED70088DA53 /* Frameworks */,
				C4D0E7AD2B083ED70088DA53 /* CopyFiles */,
			);
			buildRules = (
				C439A1162B0AA826000F3585 /* PBXBuildRule */,
			);
			dependencies = (
			);
			name = "obligatorio mac";
			productName = "obligatorio mac";
			productReference = C4D0E7AF2B083ED70088DA53 /* obligatorio mac */;
			productType = "com.apple.product-type.tool";
		};
/* End PBXNativeTarget section */

/* Begin PBXProject section */
		C4D0E7A72B083ED70088DA53 /* Project object */ = {
			isa = PBXProject;
			attributes = {
				BuildIndependentTargetsInParallel = 1;
				LastUpgradeCheck = 1500;
				TargetAttributes = {
					C4D0E7AE2B083ED70088DA53 = {
						CreatedOnToolsVersion = 15.0.1;
					};
				};
			};
			buildConfigurationList = C4D0E7AA2B083ED70088DA53 /* Build configuration list for PBXProject "obligatorio mac" */;
			compatibilityVersion = "Xcode 15.0";
			developmentRegion = en;
			hasScannedForEncodings = 0;
			knownRegions = (
				en,
				Base,
			);
			mainGroup = C4D0E7A62B083ED70088DA53;
			productRefGroup = C4D0E7B02B083ED70088DA53 /* Products */;
			projectDirPath = "";
			projectRoot = "";
			targets = (
				C4D0E7AE2B083ED70088DA53 /* obligatorio mac */,
			);
		};
/* End PBXProject section */

/* Begin PBXSourcesBuildPhase section */
		C4D0E7AB2B083ED70088DA53 /* Sources */ = {
			isa = PBXSourcesBuildPhase;
			buildActionMask = 2147483647;
			files = (
				C4D0E7CD2B083F790088DA53 /* evaluacion.cpp in Sources */,
				C4D0E7D12B083F790088DA53 /* boolean.cpp in Sources */,
				3996EFC62B0852B80096FC96 /* consulta.cpp in Sources */,
				C4D0E7CB2B083F790088DA53 /* paciente.cpp in Sources */,
				C4D0E7CA2B083F790088DA53 /* string.cpp in Sources */,
				C4D0E7CE2B083F790088DA53 /* fecha.cpp in Sources */,
				C4D0E7B32B083ED70088DA53 /* main.cpp in Sources */,
				C4D0E7CC2B083F790088DA53 /* arbolpacientes.cpp in Sources */,
				C4D0E7D02B083F790088DA53 /* menu.cpp in Sources */,
				C4D0E7CF2B083F790088DA53 /* listaconsulta.cpp in Sources */,
			);
			runOnlyForDeploymentPostprocessing = 0;
		};
/* End PBXSourcesBuildPhase section */

/* Begin XCBuildConfiguration section */
		C4D0E7B42B083ED70088DA53 /* Debug */ = {
			isa = XCBuildConfiguration;
			buildSettings = {
				ALWAYS_SEARCH_USER_PATHS = NO;
				ASSETCATALOG_COMPILER_GENERATE_SWIFT_ASSET_SYMBOL_EXTENSIONS = YES;
				CLANG_ANALYZER_NONNULL = YES;
				CLANG_ANALYZER_NUMBER_OBJECT_CONVERSION = YES_AGGRESSIVE;
				CLANG_CXX_LANGUAGE_STANDARD = "gnu++20";
				CLANG_ENABLE_MODULES = YES;
				CLANG_ENABLE_OBJC_ARC = YES;
				CLANG_ENABLE_OBJC_WEAK = YES;
				CLANG_WARN_BLOCK_CAPTURE_AUTORELEASING = YES;
				CLANG_WARN_BOOL_CONVERSION = YES;
				CLANG_WARN_COMMA = YES;
				CLANG_WARN_CONSTANT_CONVERSION = YES;
				CLANG_WARN_DEPRECATED_OBJC_IMPLEMENTATIONS = YES;
				CLANG_WARN_DIRECT_OBJC_ISA_USAGE = YES_ERROR;
				CLANG_WARN_DOCUMENTATION_COMMENTS = YES;
				CLANG_WARN_EMPTY_BODY = YES;
				CLANG_WARN_ENUM_CONVERSION = YES;
				CLANG_WARN_INFINITE_RECURSION = YES;
				CLANG_WARN_INT_CONVERSION = YES;
				CLANG_WARN_NON_LITERAL_NULL_CONVERSION = YES;
				CLANG_WARN_OBJC_IMPLICIT_RETAIN_SELF = YES;
				CLANG_WARN_OBJC_LITERAL_CONVERSION = YES;
				CLANG_WARN_OBJC_ROOT_CLASS = YES_ERROR;
				CLANG_WARN_QUOTED_INCLUDE_IN_FRAMEWORK_HEADER = YES;
				CLANG_WARN_RANGE_LOOP_ANALYSIS = YES;
				CLANG_WARN_STRICT_PROTOTYPES = YES;
				CLANG_WARN_SUSPICIOUS_MOVE = YES;
				CLANG_WARN_UNGUARDED_AVAILABILITY = YES_AGGRESSIVE;
				CLANG_WARN_UNREACHABLE_CODE = YES;
				CLANG_WARN__DUPLICATE_METHOD_MATCH = YES;
				COPY_PHASE_STRIP = NO;
				DEBUG_INFORMATION_FORMAT = dwarf;
				ENABLE_STRICT_OBJC_MSGSEND = YES;
				ENABLE_TESTABILITY = YES;
				ENABLE_USER_SCRIPT_SANDBOXING = YES;
				GCC_C_LANGUAGE_STANDARD = gnu17;
				GCC_DYNAMIC_NO_PIC = NO;
				GCC_NO_COMMON_BLOCKS = YES;
				GCC_OPTIMIZATION_LEVEL = 0;
				GCC_PREPROCESSOR_DEFINITIONS = (
					"DEBUG=1",
					"$(inherited)",
				);
				GCC_WARN_64_TO_32_BIT_CONVERSION = YES;
				GCC_WARN_ABOUT_RETURN_TYPE = YES_ERROR;
				GCC_WARN_UNDECLARED_SELECTOR = YES;
				GCC_WARN_UNINITIALIZED_AUTOS = YES_AGGRESSIVE;
				GCC_WARN_UNUSED_FUNCTION = YES;
				GCC_WARN_UNUSED_VARIABLE = YES;
				LOCALIZATION_PREFERS_STRING_CATALOGS = YES;
				MACOSX_DEPLOYMENT_TARGET = 14.0;
				MTL_ENABLE_DEBUG_INFO = INCLUDE_SOURCE;
				MTL_FAST_MATH = YES;
				ONLY_ACTIVE_ARCH = YES;
				SDKROOT = macosx;
			};
			name = Debug;
		};
		C4D0E7B52B083ED70088DA53 /* Release */ = {
			isa = XCBuildConfiguration;
			buildSettings = {
				ALWAYS_SEARCH_USER_PATHS = NO;
				ASSETCATALOG_COMPILER_GENERATE_SWIFT_ASSET_SYMBOL_EXTENSIONS = YES;
				CLANG_ANALYZER_NONNULL = YES;
				CLANG_ANALYZER_NUMBER_OBJECT_CONVERSION = YES_AGGRESSIVE;
				CLANG_CXX_LANGUAGE_STANDARD = "gnu++20";
				CLANG_ENABLE_MODULES = YES;
				CLANG_ENABLE_OBJC_ARC = YES;
				CLANG_ENABLE_OBJC_WEAK = YES;
				CLANG_WARN_BLOCK_CAPTURE_AUTORELEASING = YES;
				CLANG_WARN_BOOL_CONVERSION = YES;
				CLANG_WARN_COMMA = YES;
				CLANG_WARN_CONSTANT_CONVERSION = YES;
				CLANG_WARN_DEPRECATED_OBJC_IMPLEMENTATIONS = YES;
				CLANG_WARN_DIRECT_OBJC_ISA_USAGE = YES_ERROR;
				CLANG_WARN_DOCUMENTATION_COMMENTS = YES;
				CLANG_WARN_EMPTY_BODY = YES;
				CLANG_WARN_ENUM_CONVERSION = YES;
				CLANG_WARN_INFINITE_RECURSION = YES;
				CLANG_WARN_INT_CONVERSION = YES;
				CLANG_WARN_NON_LITERAL_NULL_CONVERSION = YES;
				CLANG_WARN_OBJC_IMPLICIT_RETAIN_SELF = YES;
				CLANG_WARN_OBJC_LITERAL_CONVERSION = YES;
				CLANG_WARN_OBJC_ROOT_CLASS = YES_ERROR;
				CLANG_WARN_QUOTED_INCLUDE_IN_FRAMEWORK_HEADER = YES;
				CLANG_WARN_RANGE_LOOP_ANALYSIS = YES;
				CLANG_WARN_STRICT_PROTOTYPES = YES;
				CLANG_WARN_SUSPICIOUS_MOVE = YES;
				CLANG_WARN_UNGUARDED_AVAILABILITY = YES_AGGRESSIVE;
				CLANG_WARN_UNREACHABLE_CODE = YES;
				CLANG_WARN__DUPLICATE_METHOD_MATCH = YES;
				COPY_PHASE_STRIP = NO;
				DEBUG_INFORMATION_FORMAT = "dwarf-with-dsym";
				ENABLE_NS_ASSERTIONS = NO;
				ENABLE_STRICT_OBJC_MSGSEND = YES;
				ENABLE_USER_SCRIPT_SANDBOXING = YES;
				GCC_C_LANGUAGE_STANDARD = gnu17;
				GCC_NO_COMMON_BLOCKS = YES;
				GCC_WARN_64_TO_32_BIT_CONVERSION = YES;
				GCC_WARN_ABOUT_RETURN_TYPE = YES_ERROR;
				GCC_WARN_UNDECLARED_SELECTOR = YES;
				GCC_WARN_UNINITIALIZED_AUTOS = YES_AGGRESSIVE;
				GCC_WARN_UNUSED_FUNCTION = YES;
				GCC_WARN_UNUSED_VARIABLE = YES;
				LOCALIZATION_PREFERS_STRING_CATALOGS = YES;
				MACOSX_DEPLOYMENT_TARGET = 14.0;
				MTL_ENABLE_DEBUG_INFO = NO;
				MTL_FAST_MATH = YES;
				SDKROOT = macosx;
			};
			name = Release;
		};
		C4D0E7B72B083ED70088DA53 /* Debug */ = {
			isa = XCBuildConfiguration;
			buildSettings = {
				CODE_SIGN_STYLE = Automatic;
				DEVELOPMENT_TEAM = F878S4GD94;
				ENABLE_HARDENED_RUNTIME = YES;
				PRODUCT_NAME = "$(TARGET_NAME)";
			};
			name = Debug;
		};
		C4D0E7B82B083ED70088DA53 /* Release */ = {
			isa = XCBuildConfiguration;
			buildSettings = {
				"CODE_SIGN_IDENTITY[sdk=macosx*]" = "-";
				CODE_SIGN_STYLE = Automatic;
				DEVELOPMENT_TEAM = 4LZJL334PC;
				ENABLE_HARDENED_RUNTIME = YES;
				PRODUCT_NAME = "$(TARGET_NAME)";
			};
			name = Release;
		};
/* End XCBuildConfiguration section */

/* Begin XCConfigurationList section */
		C4D0E7AA2B083ED70088DA53 /* Build configuration list for PBXProject "obligatorio mac" */ = {
			isa = XCConfigurationList;
			buildConfigurations = (
				C4D0E7B42B083ED70088DA53 /* Debug */,
				C4D0E7B52B083ED70088DA53 /* Release */,
			);
			defaultConfigurationIsVisible = 0;
			defaultConfigurationName = Release;
		};
		C4D0E7B62B083ED70088DA53 /* Build configuration list for PBXNativeTarget "obligatorio mac" */ = {
			isa = XCConfigurationList;
			buildConfigurations = (
				C4D0E7B72B083ED70088DA53 /* Debug */,
				C4D0E7B82B083ED70088DA53 /* Release */,
			);
			defaultConfigurationIsVisible = 0;
			defaultConfigurationName = Release;
		};
/* End XCConfigurationList section */
	};
	rootObject = C4D0E7A72B083ED70088DA53 /* Project object */;
}
