// !$*UTF8*$!
{
	archiveVersion = 1;
	classes = {
	};
	objectVersion = 56;
	objects = {

/* Begin PBXBuildFile section */
		C4E25CA82B06E2A200055383 /* main.cpp in Sources */ = {isa = PBXBuildFile; fileRef = C4E25CA72B06E2A200055383 /* main.cpp */; };
		C4E25CBB2B06E2C100055383 /* main.cpp in Sources */ = {isa = PBXBuildFile; fileRef = C4E25CAF2B06E2C100055383 /* main.cpp */; };
		C4E25CBC2B06E2C100055383 /* Paciente.cpp in Sources */ = {isa = PBXBuildFile; fileRef = C4E25CB02B06E2C100055383 /* Paciente.cpp */; };
		C4E25CBD2B06E2C100055383 /* Evaluacion.cpp in Sources */ = {isa = PBXBuildFile; fileRef = C4E25CB22B06E2C100055383 /* Evaluacion.cpp */; };
		C4E25CBE2B06E2C100055383 /* boolean.cpp in Sources */ = {isa = PBXBuildFile; fileRef = C4E25CB42B06E2C100055383 /* boolean.cpp */; };
		C4E25CBF2B06E2C100055383 /* String.cpp in Sources */ = {isa = PBXBuildFile; fileRef = C4E25CB82B06E2C100055383 /* String.cpp */; };
		C4E25CC02B06E2C100055383 /* Fecha.cpp in Sources */ = {isa = PBXBuildFile; fileRef = C4E25CB92B06E2C100055383 /* Fecha.cpp */; };
		C4E25CC12B06E2C100055383 /* consulta.cpp in Sources */ = {isa = PBXBuildFile; fileRef = C4E25CBA2B06E2C100055383 /* consulta.cpp */; };
/* End PBXBuildFile section */

/* Begin PBXCopyFilesBuildPhase section */
		C4E25CA22B06E2A200055383 /* CopyFiles */ = {
			isa = PBXCopyFilesBuildPhase;
			buildActionMask = 2147483647;
			dstPath = /usr/share/man/man1/;
			dstSubfolderSpec = 0;
			files = (
			);
			runOnlyForDeploymentPostprocessing = 1;
		};
/* End PBXCopyFilesBuildPhase section */

/* Begin PBXFileReference section */
		C4E25CA42B06E2A200055383 /* oblig */ = {isa = PBXFileReference; explicitFileType = "compiled.mach-o.executable"; includeInIndex = 0; path = oblig; sourceTree = BUILT_PRODUCTS_DIR; };
		C4E25CA72B06E2A200055383 /* main.cpp */ = {isa = PBXFileReference; lastKnownFileType = sourcecode.cpp.cpp; path = main.cpp; sourceTree = "<group>"; };
		C4E25CAE2B06E2C100055383 /* String.h */ = {isa = PBXFileReference; fileEncoding = 4; lastKnownFileType = sourcecode.c.h; name = String.h; path = ../../String.h; sourceTree = "<group>"; };
		C4E25CAF2B06E2C100055383 /* main.cpp */ = {isa = PBXFileReference; fileEncoding = 4; lastKnownFileType = sourcecode.cpp.cpp; name = main.cpp; path = ../../main.cpp; sourceTree = "<group>"; };
		C4E25CB02B06E2C100055383 /* Paciente.cpp */ = {isa = PBXFileReference; fileEncoding = 4; lastKnownFileType = sourcecode.cpp.cpp; name = Paciente.cpp; path = ../../Paciente.cpp; sourceTree = "<group>"; };
		C4E25CB12B06E2C100055383 /* Fecha.h */ = {isa = PBXFileReference; fileEncoding = 4; lastKnownFileType = sourcecode.c.h; name = Fecha.h; path = ../../Fecha.h; sourceTree = "<group>"; };
		C4E25CB22B06E2C100055383 /* Evaluacion.cpp */ = {isa = PBXFileReference; fileEncoding = 4; lastKnownFileType = sourcecode.cpp.cpp; name = Evaluacion.cpp; path = ../../Evaluacion.cpp; sourceTree = "<group>"; };
		C4E25CB32B06E2C100055383 /* Paciente.h */ = {isa = PBXFileReference; fileEncoding = 4; lastKnownFileType = sourcecode.c.h; name = Paciente.h; path = ../../Paciente.h; sourceTree = "<group>"; };
		C4E25CB42B06E2C100055383 /* boolean.cpp */ = {isa = PBXFileReference; fileEncoding = 4; lastKnownFileType = sourcecode.cpp.cpp; name = boolean.cpp; path = ../../boolean.cpp; sourceTree = "<group>"; };
		C4E25CB52B06E2C100055383 /* Evaluacion.h */ = {isa = PBXFileReference; fileEncoding = 4; lastKnownFileType = sourcecode.c.h; name = Evaluacion.h; path = ../../Evaluacion.h; sourceTree = "<group>"; };
		C4E25CB62B06E2C100055383 /* consulta.h */ = {isa = PBXFileReference; fileEncoding = 4; lastKnownFileType = sourcecode.c.h; name = consulta.h; path = ../../consulta.h; sourceTree = "<group>"; };
		C4E25CB72B06E2C100055383 /* boolean.h */ = {isa = PBXFileReference; fileEncoding = 4; lastKnownFileType = sourcecode.c.h; name = boolean.h; path = ../../boolean.h; sourceTree = "<group>"; };
		C4E25CB82B06E2C100055383 /* String.cpp */ = {isa = PBXFileReference; fileEncoding = 4; lastKnownFileType = sourcecode.cpp.cpp; name = String.cpp; path = ../../String.cpp; sourceTree = "<group>"; };
		C4E25CB92B06E2C100055383 /* Fecha.cpp */ = {isa = PBXFileReference; fileEncoding = 4; lastKnownFileType = sourcecode.cpp.cpp; name = Fecha.cpp; path = ../../Fecha.cpp; sourceTree = "<group>"; };
		C4E25CBA2B06E2C100055383 /* consulta.cpp */ = {isa = PBXFileReference; fileEncoding = 4; lastKnownFileType = sourcecode.cpp.cpp; name = consulta.cpp; path = ../../consulta.cpp; sourceTree = "<group>"; };
/* End PBXFileReference section */

/* Begin PBXFrameworksBuildPhase section */
		C4E25CA12B06E2A200055383 /* Frameworks */ = {
			isa = PBXFrameworksBuildPhase;
			buildActionMask = 2147483647;
			files = (
			);
			runOnlyForDeploymentPostprocessing = 0;
		};
/* End PBXFrameworksBuildPhase section */

/* Begin PBXGroup section */
		C4E25C9B2B06E2A200055383 = {
			isa = PBXGroup;
			children = (
				C4E25CA62B06E2A200055383 /* oblig */,
				C4E25CA52B06E2A200055383 /* Products */,
			);
			sourceTree = "<group>";
		};
		C4E25CA52B06E2A200055383 /* Products */ = {
			isa = PBXGroup;
			children = (
				C4E25CA42B06E2A200055383 /* oblig */,
			);
			name = Products;
			sourceTree = "<group>";
		};
		C4E25CA62B06E2A200055383 /* oblig */ = {
			isa = PBXGroup;
			children = (
				C4E25CB42B06E2C100055383 /* boolean.cpp */,
				C4E25CB72B06E2C100055383 /* boolean.h */,
				C4E25CBA2B06E2C100055383 /* consulta.cpp */,
				C4E25CB62B06E2C100055383 /* consulta.h */,
				C4E25CB22B06E2C100055383 /* Evaluacion.cpp */,
				C4E25CB52B06E2C100055383 /* Evaluacion.h */,
				C4E25CB92B06E2C100055383 /* Fecha.cpp */,
				C4E25CB12B06E2C100055383 /* Fecha.h */,
				C4E25CAF2B06E2C100055383 /* main.cpp */,
				C4E25CB02B06E2C100055383 /* Paciente.cpp */,
				C4E25CB32B06E2C100055383 /* Paciente.h */,
				C4E25CB82B06E2C100055383 /* String.cpp */,
				C4E25CAE2B06E2C100055383 /* String.h */,
				C4E25CA72B06E2A200055383 /* main.cpp */,
			);
			path = oblig;
			sourceTree = "<group>";
		};
/* End PBXGroup section */

/* Begin PBXNativeTarget section */
		C4E25CA32B06E2A200055383 /* oblig */ = {
			isa = PBXNativeTarget;
			buildConfigurationList = C4E25CAB2B06E2A200055383 /* Build configuration list for PBXNativeTarget "oblig" */;
			buildPhases = (
				C4E25CA02B06E2A200055383 /* Sources */,
				C4E25CA12B06E2A200055383 /* Frameworks */,
				C4E25CA22B06E2A200055383 /* CopyFiles */,
			);
			buildRules = (
			);
			dependencies = (
			);
			name = oblig;
			productName = oblig;
			productReference = C4E25CA42B06E2A200055383 /* oblig */;
			productType = "com.apple.product-type.tool";
		};
/* End PBXNativeTarget section */

/* Begin PBXProject section */
		C4E25C9C2B06E2A200055383 /* Project object */ = {
			isa = PBXProject;
			attributes = {
				BuildIndependentTargetsInParallel = 1;
				LastUpgradeCheck = 1500;
				TargetAttributes = {
					C4E25CA32B06E2A200055383 = {
						CreatedOnToolsVersion = 15.0.1;
					};
				};
			};
			buildConfigurationList = C4E25C9F2B06E2A200055383 /* Build configuration list for PBXProject "oblig" */;
			compatibilityVersion = "Xcode 14.0";
			developmentRegion = en;
			hasScannedForEncodings = 0;
			knownRegions = (
				en,
				Base,
			);
			mainGroup = C4E25C9B2B06E2A200055383;
			productRefGroup = C4E25CA52B06E2A200055383 /* Products */;
			projectDirPath = "";
			projectRoot = "";
			targets = (
				C4E25CA32B06E2A200055383 /* oblig */,
			);
		};
/* End PBXProject section */

/* Begin PBXSourcesBuildPhase section */
		C4E25CA02B06E2A200055383 /* Sources */ = {
			isa = PBXSourcesBuildPhase;
			buildActionMask = 2147483647;
			files = (
				C4E25CBE2B06E2C100055383 /* boolean.cpp in Sources */,
				C4E25CBC2B06E2C100055383 /* Paciente.cpp in Sources */,
				C4E25CBB2B06E2C100055383 /* main.cpp in Sources */,
				C4E25CBD2B06E2C100055383 /* Evaluacion.cpp in Sources */,
				C4E25CBF2B06E2C100055383 /* String.cpp in Sources */,
				C4E25CA82B06E2A200055383 /* main.cpp in Sources */,
				C4E25CC12B06E2C100055383 /* consulta.cpp in Sources */,
				C4E25CC02B06E2C100055383 /* Fecha.cpp in Sources */,
			);
			runOnlyForDeploymentPostprocessing = 0;
		};
/* End PBXSourcesBuildPhase section */

/* Begin XCBuildConfiguration section */
		C4E25CA92B06E2A200055383 /* Debug */ = {
			isa = XCBuildConfiguration;
			buildSettings = {
				ALWAYS_SEARCH_USER_PATHS = NO;
				ASSETCATALOG_COMPILER_GENERATE_SWIFT_ASSET_SYMBOL_EXTENSIONS = YES;
				CLANG_ANALYZER_NONNULL = YES;
				CLANG_ANALYZER_NUMBER_OBJECT_CONVERSION = YES_AGGRESSIVE;
				CLANG_CXX_LANGUAGE_STANDARD = "gnu++20";
				CLANG_ENABLE_MODULES = YES;
				CLANG_ENABLE_OBJC_ARC = YES;
				CLANG_ENABLE_OBJC_WEAK = YES;
				CLANG_WARN_BLOCK_CAPTURE_AUTORELEASING = YES;
				CLANG_WARN_BOOL_CONVERSION = YES;
				CLANG_WARN_COMMA = YES;
				CLANG_WARN_CONSTANT_CONVERSION = YES;
				CLANG_WARN_DEPRECATED_OBJC_IMPLEMENTATIONS = YES;
				CLANG_WARN_DIRECT_OBJC_ISA_USAGE = YES_ERROR;
				CLANG_WARN_DOCUMENTATION_COMMENTS = YES;
				CLANG_WARN_EMPTY_BODY = YES;
				CLANG_WARN_ENUM_CONVERSION = YES;
				CLANG_WARN_INFINITE_RECURSION = YES;
				CLANG_WARN_INT_CONVERSION = YES;
				CLANG_WARN_NON_LITERAL_NULL_CONVERSION = YES;
				CLANG_WARN_OBJC_IMPLICIT_RETAIN_SELF = YES;
				CLANG_WARN_OBJC_LITERAL_CONVERSION = YES;
				CLANG_WARN_OBJC_ROOT_CLASS = YES_ERROR;
				CLANG_WARN_QUOTED_INCLUDE_IN_FRAMEWORK_HEADER = YES;
				CLANG_WARN_RANGE_LOOP_ANALYSIS = YES;
				CLANG_WARN_STRICT_PROTOTYPES = YES;
				CLANG_WARN_SUSPICIOUS_MOVE = YES;
				CLANG_WARN_UNGUARDED_AVAILABILITY = YES_AGGRESSIVE;
				CLANG_WARN_UNREACHABLE_CODE = YES;
				CLANG_WARN__DUPLICATE_METHOD_MATCH = YES;
				COPY_PHASE_STRIP = NO;
				DEBUG_INFORMATION_FORMAT = dwarf;
				ENABLE_STRICT_OBJC_MSGSEND = YES;
				ENABLE_TESTABILITY = YES;
				ENABLE_USER_SCRIPT_SANDBOXING = YES;
				GCC_C_LANGUAGE_STANDARD = gnu17;
				GCC_DYNAMIC_NO_PIC = NO;
				GCC_NO_COMMON_BLOCKS = YES;
				GCC_OPTIMIZATION_LEVEL = 0;
				GCC_PREPROCESSOR_DEFINITIONS = (
					"DEBUG=1",
					"$(inherited)",
				);
				GCC_WARN_64_TO_32_BIT_CONVERSION = YES;
				GCC_WARN_ABOUT_RETURN_TYPE = YES_ERROR;
				GCC_WARN_UNDECLARED_SELECTOR = YES;
				GCC_WARN_UNINITIALIZED_AUTOS = YES_AGGRESSIVE;
				GCC_WARN_UNUSED_FUNCTION = YES;
				GCC_WARN_UNUSED_VARIABLE = YES;
				LOCALIZATION_PREFERS_STRING_CATALOGS = YES;
				MACOSX_DEPLOYMENT_TARGET = 14.0;
				MTL_ENABLE_DEBUG_INFO = INCLUDE_SOURCE;
				MTL_FAST_MATH = YES;
				ONLY_ACTIVE_ARCH = YES;
				SDKROOT = macosx;
			};
			name = Debug;
		};
		C4E25CAA2B06E2A200055383 /* Release */ = {
			isa = XCBuildConfiguration;
			buildSettings = {
				ALWAYS_SEARCH_USER_PATHS = NO;
				ASSETCATALOG_COMPILER_GENERATE_SWIFT_ASSET_SYMBOL_EXTENSIONS = YES;
				CLANG_ANALYZER_NONNULL = YES;
				CLANG_ANALYZER_NUMBER_OBJECT_CONVERSION = YES_AGGRESSIVE;
				CLANG_CXX_LANGUAGE_STANDARD = "gnu++20";
				CLANG_ENABLE_MODULES = YES;
				CLANG_ENABLE_OBJC_ARC = YES;
				CLANG_ENABLE_OBJC_WEAK = YES;
				CLANG_WARN_BLOCK_CAPTURE_AUTORELEASING = YES;
				CLANG_WARN_BOOL_CONVERSION = YES;
				CLANG_WARN_COMMA = YES;
				CLANG_WARN_CONSTANT_CONVERSION = YES;
				CLANG_WARN_DEPRECATED_OBJC_IMPLEMENTATIONS = YES;
				CLANG_WARN_DIRECT_OBJC_ISA_USAGE = YES_ERROR;
				CLANG_WARN_DOCUMENTATION_COMMENTS = YES;
				CLANG_WARN_EMPTY_BODY = YES;
				CLANG_WARN_ENUM_CONVERSION = YES;
				CLANG_WARN_INFINITE_RECURSION = YES;
				CLANG_WARN_INT_CONVERSION = YES;
				CLANG_WARN_NON_LITERAL_NULL_CONVERSION = YES;
				CLANG_WARN_OBJC_IMPLICIT_RETAIN_SELF = YES;
				CLANG_WARN_OBJC_LITERAL_CONVERSION = YES;
				CLANG_WARN_OBJC_ROOT_CLASS = YES_ERROR;
				CLANG_WARN_QUOTED_INCLUDE_IN_FRAMEWORK_HEADER = YES;
				CLANG_WARN_RANGE_LOOP_ANALYSIS = YES;
				CLANG_WARN_STRICT_PROTOTYPES = YES;
				CLANG_WARN_SUSPICIOUS_MOVE = YES;
				CLANG_WARN_UNGUARDED_AVAILABILITY = YES_AGGRESSIVE;
				CLANG_WARN_UNREACHABLE_CODE = YES;
				CLANG_WARN__DUPLICATE_METHOD_MATCH = YES;
				COPY_PHASE_STRIP = NO;
				DEBUG_INFORMATION_FORMAT = "dwarf-with-dsym";
				ENABLE_NS_ASSERTIONS = NO;
				ENABLE_STRICT_OBJC_MSGSEND = YES;
				ENABLE_USER_SCRIPT_SANDBOXING = YES;
				GCC_C_LANGUAGE_STANDARD = gnu17;
				GCC_NO_COMMON_BLOCKS = YES;
				GCC_WARN_64_TO_32_BIT_CONVERSION = YES;
				GCC_WARN_ABOUT_RETURN_TYPE = YES_ERROR;
				GCC_WARN_UNDECLARED_SELECTOR = YES;
				GCC_WARN_UNINITIALIZED_AUTOS = YES_AGGRESSIVE;
				GCC_WARN_UNUSED_FUNCTION = YES;
				GCC_WARN_UNUSED_VARIABLE = YES;
				LOCALIZATION_PREFERS_STRING_CATALOGS = YES;
				MACOSX_DEPLOYMENT_TARGET = 14.0;
				MTL_ENABLE_DEBUG_INFO = NO;
				MTL_FAST_MATH = YES;
				SDKROOT = macosx;
			};
			name = Release;
		};
		C4E25CAC2B06E2A200055383 /* Debug */ = {
			isa = XCBuildConfiguration;
			buildSettings = {
				CODE_SIGN_STYLE = Automatic;
				DEVELOPMENT_TEAM = 4LZJL334PC;
				ENABLE_HARDENED_RUNTIME = YES;
				PRODUCT_NAME = "$(TARGET_NAME)";
			};
			name = Debug;
		};
		C4E25CAD2B06E2A200055383 /* Release */ = {
			isa = XCBuildConfiguration;
			buildSettings = {
				CODE_SIGN_STYLE = Automatic;
				DEVELOPMENT_TEAM = 4LZJL334PC;
				ENABLE_HARDENED_RUNTIME = YES;
				PRODUCT_NAME = "$(TARGET_NAME)";
			};
			name = Release;
		};
/* End XCBuildConfiguration section */

/* Begin XCConfigurationList section */
		C4E25C9F2B06E2A200055383 /* Build configuration list for PBXProject "oblig" */ = {
			isa = XCConfigurationList;
			buildConfigurations = (
				C4E25CA92B06E2A200055383 /* Debug */,
				C4E25CAA2B06E2A200055383 /* Release */,
			);
			defaultConfigurationIsVisible = 0;
			defaultConfigurationName = Release;
		};
		C4E25CAB2B06E2A200055383 /* Build configuration list for PBXNativeTarget "oblig" */ = {
			isa = XCConfigurationList;
			buildConfigurations = (
				C4E25CAC2B06E2A200055383 /* Debug */,
				C4E25CAD2B06E2A200055383 /* Release */,
			);
			defaultConfigurationIsVisible = 0;
			defaultConfigurationName = Release;
		};
/* End XCConfigurationList section */
	};
	rootObject = C4E25C9C2B06E2A200055383 /* Project object */;
}
